
Microsoft Visual Studio Solution File, Format Version 12.00
# Visual Studio 15
VisualStudioVersion = 15.0.26124.0
MinimumVisualStudioVersion = 15.0.26124.0
Project("{FAE04EC0-301F-11D3-BF4B-00C04F79EFBC}") = "CtServer.Data", "CtServer.Data\CtServer.Data.csproj", "{D90EC7D1-71BA-4C73-94C5-CFA0861896DB}"
EndProject
Project("{FAE04EC0-301F-11D3-BF4B-00C04F79EFBC}") = "CtServer", "CtServer\CtServer.csproj", "{C691EFCC-0FDF-415D-8304-82822F301E87}"
EndProject
Global
	GlobalSection(SolutionConfigurationPlatforms) = preSolution
		Debug|Any CPU = Debug|Any CPU
		Debug|x64 = Debug|x64
		Debug|x86 = Debug|x86
		Release|Any CPU = Release|Any CPU
		Release|x64 = Release|x64
		Release|x86 = Release|x86
	EndGlobalSection
	GlobalSection(SolutionProperties) = preSolution
		HideSolutionNode = FALSE
	EndGlobalSection
	GlobalSection(ProjectConfigurationPlatforms) = postSolution
		{D90EC7D1-71BA-4C73-94C5-CFA0861896DB}.Debug|Any CPU.ActiveCfg = Debug|Any CPU
		{D90EC7D1-71BA-4C73-94C5-CFA0861896DB}.Debug|Any CPU.Build.0 = Debug|Any CPU
		{D90EC7D1-71BA-4C73-94C5-CFA0861896DB}.Debug|x64.ActiveCfg = Debug|Any CPU
		{D90EC7D1-71BA-4C73-94C5-CFA0861896DB}.Debug|x64.Build.0 = Debug|Any CPU
		{D90EC7D1-71BA-4C73-94C5-CFA0861896DB}.Debug|x86.ActiveCfg = Debug|Any CPU
		{D90EC7D1-71BA-4C73-94C5-CFA0861896DB}.Debug|x86.Build.0 = Debug|Any CPU
		{D90EC7D1-71BA-4C73-94C5-CFA0861896DB}.Release|Any CPU.ActiveCfg = Release|Any CPU
		{D90EC7D1-71BA-4C73-94C5-CFA0861896DB}.Release|Any CPU.Build.0 = Release|Any CPU
		{D90EC7D1-71BA-4C73-94C5-CFA0861896DB}.Release|x64.ActiveCfg = Release|Any CPU
		{D90EC7D1-71BA-4C73-94C5-CFA0861896DB}.Release|x64.Build.0 = Release|Any CPU
		{D90EC7D1-71BA-4C73-94C5-CFA0861896DB}.Release|x86.ActiveCfg = Release|Any CPU
		{D90EC7D1-71BA-4C73-94C5-CFA0861896DB}.Release|x86.Build.0 = Release|Any CPU
		{C691EFCC-0FDF-415D-8304-82822F301E87}.Debug|Any CPU.ActiveCfg = Debug|Any CPU
		{C691EFCC-0FDF-415D-8304-82822F301E87}.Debug|Any CPU.Build.0 = Debug|Any CPU
		{C691EFCC-0FDF-415D-8304-82822F301E87}.Debug|x64.ActiveCfg = Debug|Any CPU
		{C691EFCC-0FDF-415D-8304-82822F301E87}.Debug|x64.Build.0 = Debug|Any CPU
		{C691EFCC-0FDF-415D-8304-82822F301E87}.Debug|x86.ActiveCfg = Debug|Any CPU
		{C691EFCC-0FDF-415D-8304-82822F301E87}.Debug|x86.Build.0 = Debug|Any CPU
		{C691EFCC-0FDF-415D-8304-82822F301E87}.Release|Any CPU.ActiveCfg = Release|Any CPU
		{C691EFCC-0FDF-415D-8304-82822F301E87}.Release|Any CPU.Build.0 = Release|Any CPU
		{C691EFCC-0FDF-415D-8304-82822F301E87}.Release|x64.ActiveCfg = Release|Any CPU
		{C691EFCC-0FDF-415D-8304-82822F301E87}.Release|x64.Build.0 = Release|Any CPU
		{C691EFCC-0FDF-415D-8304-82822F301E87}.Release|x86.ActiveCfg = Release|Any CPU
		{C691EFCC-0FDF-415D-8304-82822F301E87}.Release|x86.Build.0 = Release|Any CPU
	EndGlobalSection
EndGlobal
